{
  "requires": true,
  "lockfileVersion": 1,
  "dependencies": {
    "@types/emscripten": {
      "version": "1.41.5",
      "resolved": "https://registry.npmjs.org/@types/emscripten/-/emscripten-1.41.5.tgz",
      "integrity": "sha512-cMQm7pxu6BxtHyqJ7mQZ2kXWV5SLmugybFdHCBbJ5eHzOo6VhBckEgAT3//rP5FwPHNPeEiq4SmQ5ucBwsOo4Q=="
    },
    "@types/ini": {
      "version": "4.1.1",
      "resolved": "https://registry.npmjs.org/@types/ini/-/ini-4.1.1.tgz",
      "integrity": "sha512-MIyNUZipBTbyUNnhvuXJTY7B6qNI78meck9Jbv3wk0OgNwRyOOVEKDutAkOs1snB/tx0FafyR6/SN4Ps0hZPeg=="
    },
    "@types/path-browserify": {
      "version": "1.0.3",
      "resolved": "https://registry.npmjs.org/@types/path-browserify/-/path-browserify-1.0.3.tgz",
      "integrity": "sha512-ZmHivEbNCBtAfcrFeBCiTjdIc2dey0l7oCGNGpSuRTy8jP6UVND7oUowlvDujBy8r2Hoa8bfFUOCiPWfmtkfxw=="
    },
    "nostalgist": {
      "version": "0.19.2",
      "resolved": "https://registry.npmjs.org/nostalgist/-/nostalgist-0.19.2.tgz",
      "integrity": "sha512-ldXKeUoYQlyh0E/6eGT2L25HGxLmPq/ouuK3pHLJqpzkPS173DNr90S2ErXSDE3qIUtXL39cS3FU59yllOBbxA==",
      "requires": {
        "@types/emscripten": "1.41.5",
        "@types/ini": "4.1.1",
        "@types/path-browserify": "1.0.3"
      }
    }
  }
}
